{
  "name": "dtn-custody-demo",
  "version": "0.1.0",
  "lockfileVersion": 3,
  "requires": true,
  "packages": {
    "": {
      "name": "dtn-custody-demo",
      "version": "0.1.0",
      "license": "Apache-2.0",
      "dependencies": {
        "@bsv/sdk": "^2.7.1",
        "satellite.js": "7.1.0"
      },
      "engines": {
        "node": ">=18"
      }
    },
    "node_modules/@bsv/sdk": {
      "version": "2.7.1",
      "resolved": "https://registry.npmjs.org/@bsv/sdk/-/sdk-2.7.1.tgz",
      "integrity": "sha512-1dcvOwCVGZz3A5FTJeOil1MALp2iQ1bTrZ8C9v97CC26sd8t0+Y3bFP39Rw/q0zmcbh6c+ZkIt6tKfvje+pD2A==",
      "license": "SEE LICENSE IN LICENSE.txt",
      "engines": {
        "node": ">=22"
      }
    },
    "node_modules/satellite.js": {
      "version": "7.1.0",
      "resolved": "https://registry.npmjs.org/satellite.js/-/satellite.js-7.1.0.tgz",
      "integrity": "sha512-U6nRml9Nb7dV9LJPiMNPyna7U7ry+1nXYkOeCEG7K/YbojQQLHHmcjPisp03VNY+HLcbQHqbt7t4t1vQMaKCLQ==",
      "license": "MIT"
    }
  }
}
